
Microsoft Visual Studio Solution File, Format Version 12.00
# Visual Studio Version 17
VisualStudioVersion = 17.2.32505.173
MinimumVisualStudioVersion = 10.0.40219.1
Project("{9A19103F-16F7-4668-BE54-9A1E7A4F7556}") = "TMakesCode.Amplifund.Api", "TMakesCode.Amplifund.Api\TMakesCode.Amplifund.Api.csproj", "{04681BCE-22E7-4514-AC49-D4FBCF5C22A8}"
EndProject
Project("{9A19103F-16F7-4668-BE54-9A1E7A4F7556}") = "TMakesCode.Amplifund.Domain", "TMakesCode.Amplifund.Domain\TMakesCode.Amplifund.Domain.csproj", "{D061B316-E8FA-46B6-8AAD-21FFE4B12161}"
EndProject
Project("{2150E333-8FDC-42A3-9474-1A3956D46DE8}") = "Testing", "Testing", "{D2F65F37-2CEA-47E8-B1C5-506E43E7A860}"
EndProject
Project("{9A19103F-16F7-4668-BE54-9A1E7A4F7556}") = "TMakesCode.Amplifund.Data.Contracts", "TMakesCode.Amplifund.Data.Contracts\TMakesCode.Amplifund.Data.Contracts.csproj", "{DBC873E2-5E4D-4685-B677-9C334BC748EC}"
EndProject
Project("{9A19103F-16F7-4668-BE54-9A1E7A4F7556}") = "TMakesCode.Amplifund.Data.Listings", "TMakesCode.Amplifund.Data.Listings\TMakesCode.Amplifund.Data.Listings.csproj", "{2F913088-6844-401D-8F68-E6BE9D330A43}"
EndProject
Project("{9A19103F-16F7-4668-BE54-9A1E7A4F7556}") = "TMakesCode.Amplifund.Data", "TMakesCode.Amplifund.Data\TMakesCode.Amplifund.Data.csproj", "{4A97317C-4ABF-460B-BD80-422A3DECB092}"
EndProject
Project("{9A19103F-16F7-4668-BE54-9A1E7A4F7556}") = "TMakesCode.Amplifund.Biz.Reviews.Contracts", "TMakesCode.Amplifund.Biz.Reviews.Contracts\TMakesCode.Amplifund.Biz.Reviews.Contracts.csproj", "{05699CC9-A9B3-43C2-92A5-7CE378CA9DEB}"
EndProject
Project("{9A19103F-16F7-4668-BE54-9A1E7A4F7556}") = "TMakesCode.Amplifund.Biz.Reviews", "TMakesCode.Amplifund.Biz.Reviews\TMakesCode.Amplifund.Biz.Reviews.csproj", "{3AEF6F4D-DAF7-4E74-899E-8A3467F7BF7E}"
EndProject
Project("{9A19103F-16F7-4668-BE54-9A1E7A4F7556}") = "TMakesCode.Amplifund.ReviewService.UnitTests", "TMakesCode.Amplifund.Reviews.UnitTests\TMakesCode.Amplifund.ReviewService.UnitTests.csproj", "{29CEF47C-07B3-41BA-AA55-B564E7180815}"
EndProject
Global
	GlobalSection(SolutionConfigurationPlatforms) = preSolution
		Debug|Any CPU = Debug|Any CPU
		Release|Any CPU = Release|Any CPU
	EndGlobalSection
	GlobalSection(ProjectConfigurationPlatforms) = postSolution
		{04681BCE-22E7-4514-AC49-D4FBCF5C22A8}.Debug|Any CPU.ActiveCfg = Debug|Any CPU
		{04681BCE-22E7-4514-AC49-D4FBCF5C22A8}.Debug|Any CPU.Build.0 = Debug|Any CPU
		{04681BCE-22E7-4514-AC49-D4FBCF5C22A8}.Release|Any CPU.ActiveCfg = Release|Any CPU
		{04681BCE-22E7-4514-AC49-D4FBCF5C22A8}.Release|Any CPU.Build.0 = Release|Any CPU
		{D061B316-E8FA-46B6-8AAD-21FFE4B12161}.Debug|Any CPU.ActiveCfg = Debug|Any CPU
		{D061B316-E8FA-46B6-8AAD-21FFE4B12161}.Debug|Any CPU.Build.0 = Debug|Any CPU
		{D061B316-E8FA-46B6-8AAD-21FFE4B12161}.Release|Any CPU.ActiveCfg = Release|Any CPU
		{D061B316-E8FA-46B6-8AAD-21FFE4B12161}.Release|Any CPU.Build.0 = Release|Any CPU
		{DBC873E2-5E4D-4685-B677-9C334BC748EC}.Debug|Any CPU.ActiveCfg = Debug|Any CPU
		{DBC873E2-5E4D-4685-B677-9C334BC748EC}.Debug|Any CPU.Build.0 = Debug|Any CPU
		{DBC873E2-5E4D-4685-B677-9C334BC748EC}.Release|Any CPU.ActiveCfg = Release|Any CPU
		{DBC873E2-5E4D-4685-B677-9C334BC748EC}.Release|Any CPU.Build.0 = Release|Any CPU
		{2F913088-6844-401D-8F68-E6BE9D330A43}.Debug|Any CPU.ActiveCfg = Debug|Any CPU
		{2F913088-6844-401D-8F68-E6BE9D330A43}.Debug|Any CPU.Build.0 = Debug|Any CPU
		{2F913088-6844-401D-8F68-E6BE9D330A43}.Release|Any CPU.ActiveCfg = Release|Any CPU
		{2F913088-6844-401D-8F68-E6BE9D330A43}.Release|Any CPU.Build.0 = Release|Any CPU
		{4A97317C-4ABF-460B-BD80-422A3DECB092}.Debug|Any CPU.ActiveCfg = Debug|Any CPU
		{4A97317C-4ABF-460B-BD80-422A3DECB092}.Debug|Any CPU.Build.0 = Debug|Any CPU
		{4A97317C-4ABF-460B-BD80-422A3DECB092}.Release|Any CPU.ActiveCfg = Release|Any CPU
		{4A97317C-4ABF-460B-BD80-422A3DECB092}.Release|Any CPU.Build.0 = Release|Any CPU
		{05699CC9-A9B3-43C2-92A5-7CE378CA9DEB}.Debug|Any CPU.ActiveCfg = Debug|Any CPU
		{05699CC9-A9B3-43C2-92A5-7CE378CA9DEB}.Debug|Any CPU.Build.0 = Debug|Any CPU
		{05699CC9-A9B3-43C2-92A5-7CE378CA9DEB}.Release|Any CPU.ActiveCfg = Release|Any CPU
		{05699CC9-A9B3-43C2-92A5-7CE378CA9DEB}.Release|Any CPU.Build.0 = Release|Any CPU
		{3AEF6F4D-DAF7-4E74-899E-8A3467F7BF7E}.Debug|Any CPU.ActiveCfg = Debug|Any CPU
		{3AEF6F4D-DAF7-4E74-899E-8A3467F7BF7E}.Debug|Any CPU.Build.0 = Debug|Any CPU
		{3AEF6F4D-DAF7-4E74-899E-8A3467F7BF7E}.Release|Any CPU.ActiveCfg = Release|Any CPU
		{3AEF6F4D-DAF7-4E74-899E-8A3467F7BF7E}.Release|Any CPU.Build.0 = Release|Any CPU
		{29CEF47C-07B3-41BA-AA55-B564E7180815}.Debug|Any CPU.ActiveCfg = Debug|Any CPU
		{29CEF47C-07B3-41BA-AA55-B564E7180815}.Debug|Any CPU.Build.0 = Debug|Any CPU
		{29CEF47C-07B3-41BA-AA55-B564E7180815}.Release|Any CPU.ActiveCfg = Release|Any CPU
		{29CEF47C-07B3-41BA-AA55-B564E7180815}.Release|Any CPU.Build.0 = Release|Any CPU
	EndGlobalSection
	GlobalSection(SolutionProperties) = preSolution
		HideSolutionNode = FALSE
	EndGlobalSection
	GlobalSection(NestedProjects) = preSolution
		{29CEF47C-07B3-41BA-AA55-B564E7180815} = {D2F65F37-2CEA-47E8-B1C5-506E43E7A860}
	EndGlobalSection
	GlobalSection(ExtensibilityGlobals) = postSolution
		SolutionGuid = {E73EB9B6-2F0A-4ADF-8EBD-4E5C4308CC3F}
	EndGlobalSection
EndGlobal
